[{<<"cowboy">>,
  {git,"https://github.com/ninenines/cowboy.git",
       {ref,"dbb636034f20736e16eb9d6c809217c9525b6cbd"}},
  0},
 {<<"cowlib">>,
  {git,"https://github.com/ninenines/cowlib",
       {ref,"8645a8f197b186f4e376bcd3753c5b019830dca8"}},
  1},
 {<<"epgsql">>,
  {git,"git://github.com/epgsql/epgsql.git",
       {ref,"b4bbfdabbeef91ea2586fb00518e7595af24df49"}},
  1},
 {<<"erlydtl">>,
  {git,"https://github.com/erlydtl/erlydtl.git",
       {ref,"ea9f0dd723393037c5290bd1b809e6496a4fe00c"}},
  0},
 {<<"goldrush">>,
  {git,"git://github.com/DeadZen/goldrush.git",
       {ref,"212299233c7e7eb63a97be2777e1c05ebaa58dbe"}},
  1},
 {<<"jsx">>,
  {git,"https://github.com/talentdeficit/jsx.git",
       {ref,"3074d4865b3385a050badf7828ad31490d860df5"}},
  0},
 {<<"lager">>,
  {git,"https://github.com/basho/lager",
       {ref,"154dfe673e05864e346d2f2c56a5e11fa2fdcde4"}},
  0},
 {<<"nicedecimal">>,
  {git,"https://github.com/talentdeficit/nicedecimal.git",
       {ref,"970f1f68f241ad6b78c73b8a92f075585153b509"}},
  1},
 {<<"pgapp">>,
  {git,"https://github.com/epgsql/pgapp.git",
       {ref,"90c309a97c506d0bc1ccaa0541728f2636ef4b3e"}},
  0},
 {<<"poolboy">>,
  {git,"git://github.com/devinus/poolboy.git",
       {ref,"fa87a6e51534d02c04a118a2f037d0ff296f2309"}},
  1},
 {<<"ranch">>,
  {git,"https://github.com/ninenines/ranch",
       {ref,"741bfb73ca663394ecf7a73410506d66f01985a6"}},
  1},
 {<<"sqerl">>,
  {git,"https://github.com/devinus/sqerl.git",
       {ref,"b33058b78171699ad80f318ac71dea5750be149f"}},
  0}].
